<?xml version="1.0" encoding="utf-8"?>
<Project ToolsVersion="4.0" xmlns="http://schemas.microsoft.com/developer/msbuild/2003">
  <ItemGroup>
    <Filter Include="Fichiers sources">
      <UniqueIdentifier>{4FC737F1-C7A5-4376-A066-2A32D752A2FF}</UniqueIdentifier>
      <Extensions>cpp;c;cc;cxx;c++;cppm;ixx;def;odl;idl;hpj;bat;asm;asmx</Extensions>
    </Filter>
    <Filter Include="Fichiers d%27en-tête">
      <UniqueIdentifier>{93995380-89BD-4b04-88EB-625FBE52EBFB}</UniqueIdentifier>
      <Extensions>h;hh;hpp;hxx;h++;hm;inl;inc;ipp;xsd</Extensions>
    </Filter>
    <Filter Include="Fichiers de ressources">
      <UniqueIdentifier>{67DA6AB6-F800-4c08-8B7A-83BB121AAD01}</UniqueIdentifier>
      <Extensions>rc;ico;cur;bmp;dlg;rc2;rct;bin;rgs;gif;jpg;jpeg;jpe;resx;tiff;tif;png;wav;mfcribbon-ms</Extensions>
    </Filter>
    <Filter Include="Fichiers d%27en-tête\Core">
      <UniqueIdentifier>{7d3194c3-bd2b-4e33-952d-a5ca0d1d837f}</UniqueIdentifier>
    </Filter>
    <Filter Include="Fichiers d%27en-tête\Screen">
      <UniqueIdentifier>{72faeb4d-8503-4e76-ad1c-d1f3d505273a}</UniqueIdentifier>
    </Filter>
    <Filter Include="Fichiers d%27en-tête\Library">
      <UniqueIdentifier>{cbe31036-190e-4165-bd9a-09703d1cd01c}</UniqueIdentifier>
    </Filter>
    <Filter Include="Fichiers d%27en-tête\Screen\Client">
      <UniqueIdentifier>{42113d86-9d80-4957-a414-5936681a6e03}</UniqueIdentifier>
    </Filter>
    <Filter Include="Fichiers d%27en-tête\Screen\User">
      <UniqueIdentifier>{c3c761c8-83e8-4512-8ed0-6d445b5ca9c7}</UniqueIdentifier>
    </Filter>
    <Filter Include="Fichiers d%27en-tête\Screen\Currency">
      <UniqueIdentifier>{d1d2cb09-8a49-4667-9887-9252b3a9682b}</UniqueIdentifier>
    </Filter>
  </ItemGroup>
  <ItemGroup>
    <ClCompile Include="Bank Project OOP.cpp">
      <Filter>Fichiers sources</Filter>
    </ClCompile>
    <ClCompile Include="clsTransferLogScreen.cpp">
      <Filter>Fichiers sources</Filter>
    </ClCompile>
  </ItemGroup>
  <ItemGroup>
    <ClInclude Include="clsBankClient.h">
      <Filter>Fichiers d%27en-tête\Core</Filter>
    </ClInclude>
    <ClInclude Include="clsCurrency.h">
      <Filter>Fichiers d%27en-tête\Core</Filter>
    </ClInclude>
    <ClInclude Include="clsUser.h">
      <Filter>Fichiers d%27en-tête\Core</Filter>
    </ClInclude>
    <ClInclude Include="clsPerson.h">
      <Filter>Fichiers d%27en-tête\Core</Filter>
    </ClInclude>
    <ClInclude Include="clsMainScreen.h">
      <Filter>Fichiers d%27en-tête\Screen</Filter>
    </ClInclude>
    <ClInclude Include="clsScreen.h">
      <Filter>Fichiers d%27en-tête\Screen</Filter>
    </ClInclude>
    <ClInclude Include="clsDate.h">
      <Filter>Fichiers d%27en-tête\Library</Filter>
    </ClInclude>
    <ClInclude Include="clsInputValidate.h">
      <Filter>Fichiers d%27en-tête\Library</Filter>
    </ClInclude>
    <ClInclude Include="clsString.h">
      <Filter>Fichiers d%27en-tête\Library</Filter>
    </ClInclude>
    <ClInclude Include="clsUtil.h">
      <Filter>Fichiers d%27en-tête\Library</Filter>
    </ClInclude>
    <ClInclude Include="InterfaceCommunication.h">
      <Filter>Fichiers d%27en-tête\Library</Filter>
    </ClInclude>
    <ClInclude Include="clsAddNewClientScreen.h">
      <Filter>Fichiers d%27en-tête\Screen\Client</Filter>
    </ClInclude>
    <ClInclude Include="clsClientListScreen.h">
      <Filter>Fichiers d%27en-tête\Screen\Client</Filter>
    </ClInclude>
    <ClInclude Include="clsDeleteClientScreen.h">
      <Filter>Fichiers d%27en-tête\Screen\Client</Filter>
    </ClInclude>
    <ClInclude Include="clsFindClientScreen.h">
      <Filter>Fichiers d%27en-tête\Screen\Client</Filter>
    </ClInclude>
    <ClInclude Include="clsUpdateClientScreen.h">
      <Filter>Fichiers d%27en-tête\Screen\Client</Filter>
    </ClInclude>
    <ClInclude Include="clsAddNewUserScreen.h">
      <Filter>Fichiers d%27en-tête\Screen\User</Filter>
    </ClInclude>
    <ClInclude Include="clsDeleteUserScreen.h">
      <Filter>Fichiers d%27en-tête\Screen\User</Filter>
    </ClInclude>
    <ClInclude Include="clsFindUserScreen.h">
      <Filter>Fichiers d%27en-tête\Screen\User</Filter>
    </ClInclude>
    <ClInclude Include="clsListUsersScreen.h">
      <Filter>Fichiers d%27en-tête\Screen\User</Filter>
    </ClInclude>
    <ClInclude Include="clsManageUsersScreen.h">
      <Filter>Fichiers d%27en-tête\Screen\User</Filter>
    </ClInclude>
    <ClInclude Include="clsUpdateUserScreen.h">
      <Filter>Fichiers d%27en-tête\Screen\User</Filter>
    </ClInclude>
    <ClInclude Include="clsCurrencyCalculatorScreen.h">
      <Filter>Fichiers d%27en-tête\Screen\Currency</Filter>
    </ClInclude>
    <ClInclude Include="clsCurrencyExchangeScreen.h">
      <Filter>Fichiers d%27en-tête\Screen\Currency</Filter>
    </ClInclude>
    <ClInclude Include="clsFindCurrencyScreen.h">
      <Filter>Fichiers d%27en-tête\Screen\Currency</Filter>
    </ClInclude>
    <ClInclude Include="clsListeCurrenciesExchange.h">
      <Filter>Fichiers d%27en-tête\Screen\Currency</Filter>
    </ClInclude>
    <ClInclude Include="clsUpdateCurrencyScreen.h">
      <Filter>Fichiers d%27en-tête\Screen\Currency</Filter>
    </ClInclude>
    <ClInclude Include="clsLoginRegisterScreen.h">
      <Filter>Fichiers d%27en-tête\Screen\User</Filter>
    </ClInclude>
    <ClInclude Include="clsLoginScreen.h">
      <Filter>Fichiers d%27en-tête\Screen\User</Filter>
    </ClInclude>
    <ClInclude Include="clsDepositScreen.h">
      <Filter>Fichiers d%27en-tête\Screen\Client</Filter>
    </ClInclude>
    <ClInclude Include="clsTotalBalancesScreen.h">
      <Filter>Fichiers d%27en-tête\Screen\Client</Filter>
    </ClInclude>
    <ClInclude Include="clsTransactionsScreen.h">
      <Filter>Fichiers d%27en-tête\Screen\Client</Filter>
    </ClInclude>
    <ClInclude Include="clsTransferLogScreen.h">
      <Filter>Fichiers d%27en-tête\Screen\Client</Filter>
    </ClInclude>
    <ClInclude Include="clsTransferScreen.h">
      <Filter>Fichiers d%27en-tête\Screen\Client</Filter>
    </ClInclude>
    <ClInclude Include="clsWithdrawScreen.h">
      <Filter>Fichiers d%27en-tête\Screen\Client</Filter>
    </ClInclude>
    <ClInclude Include="Global.h">
      <Filter>Fichiers d%27en-tête\Core</Filter>
    </ClInclude>
  </ItemGroup>
</Project>